// !$*UTF8*$!
{
	archiveVersion = 1;
	classes = {
	};
	objectVersion = 77;
	objects = {

/* Begin PBXBuildFile section */
		A00757B14BCD4CD9AE5FBEF0 /* OutcastID3 in Frameworks */ = {isa = PBXBuildFile; productRef = C8F8F70FAE5B4385B02D848B /* OutcastID3 */; };
		A1B2C3D4E5F6789012345678 /* JSONFeedTests.swift in Sources */ = {isa = PBXBuildFile; fileRef = B2C3D4E5F67890123456789A /* JSONFeedTests.swift */; };
		C29AB72AB8D4FBBB6DB2D8A3 /* TodayTests.swift in Sources */ = {isa = PBXBuildFile; fileRef = 22D7D03FBA667C69848C3AAC /* TodayTests.swift */; };
		F52BB6272EAC23870054AEC5 /* XCTest.framework in Frameworks */ = {isa = PBXBuildFile; fileRef = F52BB6262EAC23870054AEC5 /* XCTest.framework */; platformFilter = ios; };
		F540A5ED2ECD930F00CCF1B9 /* Localizable.xcstrings in Resources */ = {isa = PBXBuildFile; fileRef = F540A5EC2ECD930F00CCF1B9 /* Localizable.xcstrings */; };
		F5854AE52EE765DA008F77B8 /* HTMLHelperTests.swift in Sources */ = {isa = PBXBuildFile; fileRef = F5854AE02EE765DA008F77B8 /* HTMLHelperTests.swift */; };
		F5854AE62EE765DA008F77B8 /* RedditRSSTests.swift in Sources */ = {isa = PBXBuildFile; fileRef = F5854AE12EE765DA008F77B8 /* RedditRSSTests.swift */; };
		F5854AE72EE765DA008F77B8 /* TexturizerTests.swift in Sources */ = {isa = PBXBuildFile; fileRef = F5854AE32EE765DA008F77B8 /* TexturizerTests.swift */; };
		F5854AE92EE765DA008F77B8 /* AtomFeedTests.swift in Sources */ = {isa = PBXBuildFile; fileRef = F5854ADE2EE765DA008F77B8 /* AtomFeedTests.swift */; };
		F5854AEA2EE765DA008F77B8 /* RSSParserTests.swift in Sources */ = {isa = PBXBuildFile; fileRef = F5854AE22EE765DA008F77B8 /* RSSParserTests.swift */; };
		F5854AEB2EE765DA008F77B8 /* CategoryManagerTests.swift in Sources */ = {isa = PBXBuildFile; fileRef = F5854ADF2EE765DA008F77B8 /* CategoryManagerTests.swift */; };
/* End PBXBuildFile section */

/* Begin PBXContainerItemProxy section */
		F52BB61E2EAC22F60054AEC5 /* PBXContainerItemProxy */ = {
			isa = PBXContainerItemProxy;
			containerPortal = F54DF3FA2EA9AB9F00FBDC60 /* Project object */;
			proxyType = 1;
			remoteGlobalIDString = F54DF4012EA9AB9F00FBDC60;
			remoteInfo = Today;
		};
/* End PBXContainerItemProxy section */

/* Begin PBXFileReference section */
		22D7D03FBA667C69848C3AAC /* TodayTests.swift */ = {isa = PBXFileReference; lastKnownFileType = sourcecode.swift; path = TodayTests.swift; sourceTree = "<group>"; };
		B2C3D4E5F67890123456789A /* JSONFeedTests.swift */ = {isa = PBXFileReference; lastKnownFileType = sourcecode.swift; path = JSONFeedTests.swift; sourceTree = "<group>"; };
		F52BB61A2EAC22F60054AEC5 /* TodayTests.xctest */ = {isa = PBXFileReference; explicitFileType = wrapper.cfbundle; includeInIndex = 0; path = TodayTests.xctest; sourceTree = BUILT_PRODUCTS_DIR; };
		F52BB6262EAC23870054AEC5 /* XCTest.framework */ = {isa = PBXFileReference; lastKnownFileType = wrapper.framework; name = XCTest.framework; path = Platforms/iPhoneOS.platform/Developer/Library/Frameworks/XCTest.framework; sourceTree = DEVELOPER_DIR; };
		F540A5EC2ECD930F00CCF1B9 /* Localizable.xcstrings */ = {isa = PBXFileReference; lastKnownFileType = text.json.xcstrings; path = Localizable.xcstrings; sourceTree = "<group>"; };
		F54DF4022EA9AB9F00FBDC60 /* Today.app */ = {isa = PBXFileReference; explicitFileType = wrapper.application; includeInIndex = 0; path = Today.app; sourceTree = BUILT_PRODUCTS_DIR; };
		F5854ADE2EE765DA008F77B8 /* AtomFeedTests.swift */ = {isa = PBXFileReference; lastKnownFileType = sourcecode.swift; path = AtomFeedTests.swift; sourceTree = "<group>"; };
		F5854ADF2EE765DA008F77B8 /* CategoryManagerTests.swift */ = {isa = PBXFileReference; lastKnownFileType = sourcecode.swift; path = CategoryManagerTests.swift; sourceTree = "<group>"; };
		F5854AE02EE765DA008F77B8 /* HTMLHelperTests.swift */ = {isa = PBXFileReference; lastKnownFileType = sourcecode.swift; path = HTMLHelperTests.swift; sourceTree = "<group>"; };
		F5854AE12EE765DA008F77B8 /* RedditRSSTests.swift */ = {isa = PBXFileReference; lastKnownFileType = sourcecode.swift; path = RedditRSSTests.swift; sourceTree = "<group>"; };
		F5854AE22EE765DA008F77B8 /* RSSParserTests.swift */ = {isa = PBXFileReference; lastKnownFileType = sourcecode.swift; path = RSSParserTests.swift; sourceTree = "<group>"; };
		F5854AE32EE765DA008F77B8 /* TexturizerTests.swift */ = {isa = PBXFileReference; lastKnownFileType = sourcecode.swift; path = TexturizerTests.swift; sourceTree = "<group>"; };
/* End PBXFileReference section */

/* Begin PBXFileSystemSynchronizedBuildFileExceptionSet section */
		F54DF4282EA9B01F00FBDC60 /* Exceptions for "Today" folder in "Today" target */ = {
			isa = PBXFileSystemSynchronizedBuildFileExceptionSet;
			membershipExceptions = (
				Info.plist,
			);
			target = F54DF4012EA9AB9F00FBDC60 /* Today */;
		};
/* End PBXFileSystemSynchronizedBuildFileExceptionSet section */

/* Begin PBXFileSystemSynchronizedRootGroup section */
		F54DF4042EA9AB9F00FBDC60 /* Today */ = {
			isa = PBXFileSystemSynchronizedRootGroup;
			exceptions = (
				F54DF4282EA9B01F00FBDC60 /* Exceptions for "Today" folder in "Today" target */,
			);
			path = Today;
			sourceTree = "<group>";
		};
/* End PBXFileSystemSynchronizedRootGroup section */

/* Begin PBXFrameworksBuildPhase section */
		F52BB6172EAC22F60054AEC5 /* Frameworks */ = {
			isa = PBXFrameworksBuildPhase;
			buildActionMask = 2147483647;
			files = (
				F52BB6272EAC23870054AEC5 /* XCTest.framework in Frameworks */,
			);
			runOnlyForDeploymentPostprocessing = 0;
		};
		F54DF3FF2EA9AB9F00FBDC60 /* Frameworks */ = {
			isa = PBXFrameworksBuildPhase;
			buildActionMask = 2147483647;
			files = (
				A00757B14BCD4CD9AE5FBEF0 /* OutcastID3 in Frameworks */,
			);
			runOnlyForDeploymentPostprocessing = 0;
		};
/* End PBXFrameworksBuildPhase section */

/* Begin PBXGroup section */
		878278F0B28C44CFDEFF1539 /* TodayTests */ = {
			isa = PBXGroup;
			children = (
				F5854ADE2EE765DA008F77B8 /* AtomFeedTests.swift */,
				F5854ADF2EE765DA008F77B8 /* CategoryManagerTests.swift */,
				F5854AE02EE765DA008F77B8 /* HTMLHelperTests.swift */,
				F5854AE12EE765DA008F77B8 /* RedditRSSTests.swift */,
				F5854AE22EE765DA008F77B8 /* RSSParserTests.swift */,
				F5854AE32EE765DA008F77B8 /* TexturizerTests.swift */,
				22D7D03FBA667C69848C3AAC /* TodayTests.swift */,
				B2C3D4E5F67890123456789A /* JSONFeedTests.swift */,
			);
			path = TodayTests;
			sourceTree = "<group>";
		};
		F52BB6252EAC23860054AEC5 /* Frameworks */ = {
			isa = PBXGroup;
			children = (
				F52BB6262EAC23870054AEC5 /* XCTest.framework */,
			);
			name = Frameworks;
			sourceTree = "<group>";
		};
		F54DF3F92EA9AB9F00FBDC60 = {
			isa = PBXGroup;
			children = (
				F540A5EC2ECD930F00CCF1B9 /* Localizable.xcstrings */,
				F54DF4042EA9AB9F00FBDC60 /* Today */,
				878278F0B28C44CFDEFF1539 /* TodayTests */,
				F52BB6252EAC23860054AEC5 /* Frameworks */,
				F54DF4032EA9AB9F00FBDC60 /* Products */,
			);
			sourceTree = "<group>";
		};
		F54DF4032EA9AB9F00FBDC60 /* Products */ = {
			isa = PBXGroup;
			children = (
				F54DF4022EA9AB9F00FBDC60 /* Today.app */,
				F52BB61A2EAC22F60054AEC5 /* TodayTests.xctest */,
			);
			name = Products;
			sourceTree = "<group>";
		};
/* End PBXGroup section */

/* Begin PBXNativeTarget section */
		F52BB6192EAC22F60054AEC5 /* TodayTests */ = {
			isa = PBXNativeTarget;
			buildConfigurationList = F52BB6202EAC22F60054AEC5 /* Build configuration list for PBXNativeTarget "TodayTests" */;
			buildPhases = (
				F52BB6162EAC22F60054AEC5 /* Sources */,
				F52BB6172EAC22F60054AEC5 /* Frameworks */,
				F52BB6182EAC22F60054AEC5 /* Resources */,
			);
			buildRules = (
			);
			dependencies = (
				F52BB61F2EAC22F60054AEC5 /* PBXTargetDependency */,
			);
			name = TodayTests;
			packageProductDependencies = (
			);
			productName = TodayTests;
			productReference = F52BB61A2EAC22F60054AEC5 /* TodayTests.xctest */;
			productType = "com.apple.product-type.bundle.unit-test";
		};
		F54DF4012EA9AB9F00FBDC60 /* Today */ = {
			isa = PBXNativeTarget;
			buildConfigurationList = F54DF40F2EA9ABA200FBDC60 /* Build configuration list for PBXNativeTarget "Today" */;
			buildPhases = (
				F54DF3FE2EA9AB9F00FBDC60 /* Sources */,
				F54DF3FF2EA9AB9F00FBDC60 /* Frameworks */,
				F54DF4002EA9AB9F00FBDC60 /* Resources */,
			);
			buildRules = (
			);
			dependencies = (
			);
			fileSystemSynchronizedGroups = (
				F54DF4042EA9AB9F00FBDC60 /* Today */,
			);
			name = Today;
			packageProductDependencies = (
				C8F8F70FAE5B4385B02D848B /* OutcastID3 */,
			);
			productName = Today;
			productReference = F54DF4022EA9AB9F00FBDC60 /* Today.app */;
			productType = "com.apple.product-type.application";
		};
/* End PBXNativeTarget section */

/* Begin PBXProject section */
		F54DF3FA2EA9AB9F00FBDC60 /* Project object */ = {
			isa = PBXProject;
			attributes = {
				BuildIndependentTargetsInParallel = 1;
				LastSwiftUpdateCheck = 2600;
				LastUpgradeCheck = 2610;
				TargetAttributes = {
					F52BB6192EAC22F60054AEC5 = {
						CreatedOnToolsVersion = 26.0.1;
						TestTargetID = F54DF4012EA9AB9F00FBDC60;
					};
					F54DF4012EA9AB9F00FBDC60 = {
						CreatedOnToolsVersion = 26.0.1;
					};
				};
			};
			buildConfigurationList = F54DF3FD2EA9AB9F00FBDC60 /* Build configuration list for PBXProject "Today" */;
			developmentRegion = en;
			hasScannedForEncodings = 0;
			knownRegions = (
				en,
				Base,
				es,
				fr,
				de,
				it,
				"pt-PT",
				ja,
				ko,
				"zh-Hans",
				"zh-Hant",
				"zh-HK",
			);
			mainGroup = F54DF3F92EA9AB9F00FBDC60;
			minimizedProjectReferenceProxies = 1;
			packageReferences = (
				A00757B14BCD4CD9AE5FBEFB /* XCRemoteSwiftPackageReference "OutcastID3" */,
			);
			preferredProjectObjectVersion = 77;
			productRefGroup = F54DF4032EA9AB9F00FBDC60 /* Products */;
			projectDirPath = "";
			projectRoot = "";
			targets = (
				F54DF4012EA9AB9F00FBDC60 /* Today */,
				F52BB6192EAC22F60054AEC5 /* TodayTests */,
			);
		};
/* End PBXProject section */

/* Begin PBXResourcesBuildPhase section */
		F52BB6182EAC22F60054AEC5 /* Resources */ = {
			isa = PBXResourcesBuildPhase;
			buildActionMask = 2147483647;
			files = (
			);
			runOnlyForDeploymentPostprocessing = 0;
		};
		F54DF4002EA9AB9F00FBDC60 /* Resources */ = {
			isa = PBXResourcesBuildPhase;
			buildActionMask = 2147483647;
			files = (
				F540A5ED2ECD930F00CCF1B9 /* Localizable.xcstrings in Resources */,
			);
			runOnlyForDeploymentPostprocessing = 0;
		};
/* End PBXResourcesBuildPhase section */

/* Begin PBXSourcesBuildPhase section */
		F52BB6162EAC22F60054AEC5 /* Sources */ = {
			isa = PBXSourcesBuildPhase;
			buildActionMask = 2147483647;
			files = (
				C29AB72AB8D4FBBB6DB2D8A3 /* TodayTests.swift in Sources */,
				F5854AE52EE765DA008F77B8 /* HTMLHelperTests.swift in Sources */,
				F5854AE62EE765DA008F77B8 /* RedditRSSTests.swift in Sources */,
				F5854AE72EE765DA008F77B8 /* TexturizerTests.swift in Sources */,
				F5854AE92EE765DA008F77B8 /* AtomFeedTests.swift in Sources */,
				F5854AEA2EE765DA008F77B8 /* RSSParserTests.swift in Sources */,
				F5854AEB2EE765DA008F77B8 /* CategoryManagerTests.swift in Sources */,
				A1B2C3D4E5F6789012345678 /* JSONFeedTests.swift in Sources */,
			);
			runOnlyForDeploymentPostprocessing = 0;
		};
		F54DF3FE2EA9AB9F00FBDC60 /* Sources */ = {
			isa = PBXSourcesBuildPhase;
			buildActionMask = 2147483647;
			files = (
			);
			runOnlyForDeploymentPostprocessing = 0;
		};
/* End PBXSourcesBuildPhase section */

/* Begin PBXTargetDependency section */
		F52BB61F2EAC22F60054AEC5 /* PBXTargetDependency */ = {
			isa = PBXTargetDependency;
			target = F54DF4012EA9AB9F00FBDC60 /* Today */;
			targetProxy = F52BB61E2EAC22F60054AEC5 /* PBXContainerItemProxy */;
		};
/* End PBXTargetDependency section */

/* Begin XCBuildConfiguration section */
		F52BB6212EAC22F60054AEC5 /* Debug */ = {
			isa = XCBuildConfiguration;
			buildSettings = {
				BUNDLE_LOADER = "$(TEST_HOST)";
				CODE_SIGN_STYLE = Automatic;
				CURRENT_PROJECT_VERSION = 15;
				DEVELOPMENT_TEAM = 36ERVRQ23S;
				GENERATE_INFOPLIST_FILE = YES;
				MARKETING_VERSION = 1.9.1;
				PRODUCT_BUNDLE_IDENTIFIER = jakespurlock.TodayTests;
				PRODUCT_NAME = "$(TARGET_NAME)";
				STRING_CATALOG_GENERATE_SYMBOLS = NO;
				SWIFT_APPROACHABLE_CONCURRENCY = YES;
				SWIFT_EMIT_LOC_STRINGS = NO;
				SWIFT_UPCOMING_FEATURE_MEMBER_IMPORT_VISIBILITY = YES;
				SWIFT_VERSION = 5.0;
				TARGETED_DEVICE_FAMILY = "1,2";
				TEST_HOST = "$(BUILT_PRODUCTS_DIR)/Today.app/$(BUNDLE_EXECUTABLE_FOLDER_PATH)/Today";
			};
			name = Debug;
		};
		F52BB6222EAC22F60054AEC5 /* Release */ = {
			isa = XCBuildConfiguration;
			buildSettings = {
				BUNDLE_LOADER = "$(TEST_HOST)";
				CODE_SIGN_STYLE = Automatic;
				CURRENT_PROJECT_VERSION = 15;
				DEVELOPMENT_TEAM = 36ERVRQ23S;
				GENERATE_INFOPLIST_FILE = YES;
				MARKETING_VERSION = 1.9.1;
				PRODUCT_BUNDLE_IDENTIFIER = jakespurlock.TodayTests;
				PRODUCT_NAME = "$(TARGET_NAME)";
				STRING_CATALOG_GENERATE_SYMBOLS = NO;
				SWIFT_APPROACHABLE_CONCURRENCY = YES;
				SWIFT_EMIT_LOC_STRINGS = NO;
				SWIFT_UPCOMING_FEATURE_MEMBER_IMPORT_VISIBILITY = YES;
				SWIFT_VERSION = 5.0;
				TARGETED_DEVICE_FAMILY = "1,2";
				TEST_HOST = "$(BUILT_PRODUCTS_DIR)/Today.app/$(BUNDLE_EXECUTABLE_FOLDER_PATH)/Today";
			};
			name = Release;
		};
		F54DF40D2EA9ABA200FBDC60 /* Debug */ = {
			isa = XCBuildConfiguration;
			buildSettings = {
				ALWAYS_SEARCH_USER_PATHS = NO;
				ASSETCATALOG_COMPILER_GENERATE_SWIFT_ASSET_SYMBOL_EXTENSIONS = YES;
				CLANG_ANALYZER_NONNULL = YES;
				CLANG_ANALYZER_NUMBER_OBJECT_CONVERSION = YES_AGGRESSIVE;
				CLANG_CXX_LANGUAGE_STANDARD = "gnu++20";
				CLANG_ENABLE_MODULES = YES;
				CLANG_ENABLE_OBJC_ARC = YES;
				CLANG_ENABLE_OBJC_WEAK = YES;
				CLANG_WARN_BLOCK_CAPTURE_AUTORELEASING = YES;
				CLANG_WARN_BOOL_CONVERSION = YES;
				CLANG_WARN_COMMA = YES;
				CLANG_WARN_CONSTANT_CONVERSION = YES;
				CLANG_WARN_DEPRECATED_OBJC_IMPLEMENTATIONS = YES;
				CLANG_WARN_DIRECT_OBJC_ISA_USAGE = YES_ERROR;
				CLANG_WARN_DOCUMENTATION_COMMENTS = YES;
				CLANG_WARN_EMPTY_BODY = YES;
				CLANG_WARN_ENUM_CONVERSION = YES;
				CLANG_WARN_INFINITE_RECURSION = YES;
				CLANG_WARN_INT_CONVERSION = YES;
				CLANG_WARN_NON_LITERAL_NULL_CONVERSION = YES;
				CLANG_WARN_OBJC_IMPLICIT_RETAIN_SELF = YES;
				CLANG_WARN_OBJC_LITERAL_CONVERSION = YES;
				CLANG_WARN_OBJC_ROOT_CLASS = YES_ERROR;
				CLANG_WARN_QUOTED_INCLUDE_IN_FRAMEWORK_HEADER = YES;
				CLANG_WARN_RANGE_LOOP_ANALYSIS = YES;
				CLANG_WARN_STRICT_PROTOTYPES = YES;
				CLANG_WARN_SUSPICIOUS_MOVE = YES;
				CLANG_WARN_UNGUARDED_AVAILABILITY = YES_AGGRESSIVE;
				CLANG_WARN_UNREACHABLE_CODE = YES;
				CLANG_WARN__DUPLICATE_METHOD_MATCH = YES;
				COPY_PHASE_STRIP = NO;
				DEBUG_INFORMATION_FORMAT = dwarf;
				DEVELOPMENT_TEAM = 36ERVRQ23S;
				ENABLE_STRICT_OBJC_MSGSEND = YES;
				ENABLE_TESTABILITY = YES;
				ENABLE_USER_SCRIPT_SANDBOXING = YES;
				GCC_C_LANGUAGE_STANDARD = gnu17;
				GCC_DYNAMIC_NO_PIC = NO;
				GCC_NO_COMMON_BLOCKS = YES;
				GCC_OPTIMIZATION_LEVEL = 0;
				GCC_PREPROCESSOR_DEFINITIONS = (
					"DEBUG=1",
					"$(inherited)",
				);
				GCC_WARN_64_TO_32_BIT_CONVERSION = YES;
				GCC_WARN_ABOUT_RETURN_TYPE = YES_ERROR;
				GCC_WARN_UNDECLARED_SELECTOR = YES;
				GCC_WARN_UNINITIALIZED_AUTOS = YES_AGGRESSIVE;
				GCC_WARN_UNUSED_FUNCTION = YES;
				GCC_WARN_UNUSED_VARIABLE = YES;
				IPHONEOS_DEPLOYMENT_TARGET = 18.0;
				LOCALIZATION_PREFERS_STRING_CATALOGS = YES;
				MTL_ENABLE_DEBUG_INFO = INCLUDE_SOURCE;
				MTL_FAST_MATH = YES;
				ONLY_ACTIVE_ARCH = YES;
				SDKROOT = iphoneos;
				STRING_CATALOG_GENERATE_SYMBOLS = YES;
				SWIFT_ACTIVE_COMPILATION_CONDITIONS = "DEBUG $(inherited)";
				SWIFT_EMIT_LOC_STRINGS = YES;
				SWIFT_OPTIMIZATION_LEVEL = "-Onone";
			};
			name = Debug;
		};
		F54DF40E2EA9ABA200FBDC60 /* Release */ = {
			isa = XCBuildConfiguration;
			buildSettings = {
				ALWAYS_SEARCH_USER_PATHS = NO;
				ASSETCATALOG_COMPILER_GENERATE_SWIFT_ASSET_SYMBOL_EXTENSIONS = YES;
				CLANG_ANALYZER_NONNULL = YES;
				CLANG_ANALYZER_NUMBER_OBJECT_CONVERSION = YES_AGGRESSIVE;
				CLANG_CXX_LANGUAGE_STANDARD = "gnu++20";
				CLANG_ENABLE_MODULES = YES;
				CLANG_ENABLE_OBJC_ARC = YES;
				CLANG_ENABLE_OBJC_WEAK = YES;
				CLANG_WARN_BLOCK_CAPTURE_AUTORELEASING = YES;
				CLANG_WARN_BOOL_CONVERSION = YES;
				CLANG_WARN_COMMA = YES;
				CLANG_WARN_CONSTANT_CONVERSION = YES;
				CLANG_WARN_DEPRECATED_OBJC_IMPLEMENTATIONS = YES;
				CLANG_WARN_DIRECT_OBJC_ISA_USAGE = YES_ERROR;
				CLANG_WARN_DOCUMENTATION_COMMENTS = YES;
				CLANG_WARN_EMPTY_BODY = YES;
				CLANG_WARN_ENUM_CONVERSION = YES;
				CLANG_WARN_INFINITE_RECURSION = YES;
				CLANG_WARN_INT_CONVERSION = YES;
				CLANG_WARN_NON_LITERAL_NULL_CONVERSION = YES;
				CLANG_WARN_OBJC_IMPLICIT_RETAIN_SELF = YES;
				CLANG_WARN_OBJC_LITERAL_CONVERSION = YES;
				CLANG_WARN_OBJC_ROOT_CLASS = YES_ERROR;
				CLANG_WARN_QUOTED_INCLUDE_IN_FRAMEWORK_HEADER = YES;
				CLANG_WARN_RANGE_LOOP_ANALYSIS = YES;
				CLANG_WARN_STRICT_PROTOTYPES = YES;
				CLANG_WARN_SUSPICIOUS_MOVE = YES;
				CLANG_WARN_UNGUARDED_AVAILABILITY = YES_AGGRESSIVE;
				CLANG_WARN_UNREACHABLE_CODE = YES;
				CLANG_WARN__DUPLICATE_METHOD_MATCH = YES;
				COPY_PHASE_STRIP = NO;
				DEBUG_INFORMATION_FORMAT = "dwarf-with-dsym";
				DEVELOPMENT_TEAM = 36ERVRQ23S;
				ENABLE_NS_ASSERTIONS = NO;
				ENABLE_STRICT_OBJC_MSGSEND = YES;
				ENABLE_USER_SCRIPT_SANDBOXING = YES;
				GCC_C_LANGUAGE_STANDARD = gnu17;
				GCC_NO_COMMON_BLOCKS = YES;
				GCC_WARN_64_TO_32_BIT_CONVERSION = YES;
				GCC_WARN_ABOUT_RETURN_TYPE = YES_ERROR;
				GCC_WARN_UNDECLARED_SELECTOR = YES;
				GCC_WARN_UNINITIALIZED_AUTOS = YES_AGGRESSIVE;
				GCC_WARN_UNUSED_FUNCTION = YES;
				GCC_WARN_UNUSED_VARIABLE = YES;
				IPHONEOS_DEPLOYMENT_TARGET = 18.0;
				LOCALIZATION_PREFERS_STRING_CATALOGS = YES;
				MTL_ENABLE_DEBUG_INFO = NO;
				MTL_FAST_MATH = YES;
				SDKROOT = iphoneos;
				STRING_CATALOG_GENERATE_SYMBOLS = YES;
				SWIFT_COMPILATION_MODE = wholemodule;
				SWIFT_EMIT_LOC_STRINGS = YES;
				VALIDATE_PRODUCT = YES;
			};
			name = Release;
		};
		F54DF4102EA9ABA200FBDC60 /* Debug */ = {
			isa = XCBuildConfiguration;
			buildSettings = {
				ASSETCATALOG_COMPILER_APPICON_NAME = AppIcon;
				ASSETCATALOG_COMPILER_GLOBAL_ACCENT_COLOR_NAME = AccentColor;
				ASSETCATALOG_COMPILER_INCLUDE_ALL_APPICON_ASSETS = YES;
				CODE_SIGN_ENTITLEMENTS = Today/Today.entitlements;
				CODE_SIGN_IDENTITY = "Apple Development";
				CODE_SIGN_STYLE = Automatic;
				CURRENT_PROJECT_VERSION = 15;
				DEVELOPMENT_TEAM = 36ERVRQ23S;
				ENABLE_PREVIEWS = YES;
				GENERATE_INFOPLIST_FILE = YES;
				INFOPLIST_FILE = Today/Info.plist;
				INFOPLIST_KEY_LSApplicationCategoryType = "public.app-category.productivity";
				INFOPLIST_KEY_UIApplicationSceneManifest_Generation = YES;
				INFOPLIST_KEY_UIApplicationSupportsIndirectInputEvents = YES;
				INFOPLIST_KEY_UILaunchScreen_Generation = YES;
				INFOPLIST_KEY_UISupportedInterfaceOrientations_iPad = "UIInterfaceOrientationPortrait UIInterfaceOrientationPortraitUpsideDown UIInterfaceOrientationLandscapeLeft UIInterfaceOrientationLandscapeRight";
				INFOPLIST_KEY_UISupportedInterfaceOrientations_iPhone = "UIInterfaceOrientationPortrait UIInterfaceOrientationLandscapeLeft UIInterfaceOrientationLandscapeRight";
				LD_RUNPATH_SEARCH_PATHS = (
					"$(inherited)",
					"@executable_path/Frameworks",
				);
				MARKETING_VERSION = 1.9.1;
				PRODUCT_BUNDLE_IDENTIFIER = jakespurlock.Today;
				PRODUCT_NAME = "$(TARGET_NAME)";
				PROVISIONING_PROFILE_SPECIFIER = "";
				STRING_CATALOG_GENERATE_SYMBOLS = YES;
				SWIFT_APPROACHABLE_CONCURRENCY = YES;
				SWIFT_DEFAULT_ACTOR_ISOLATION = MainActor;
				SWIFT_EMIT_LOC_STRINGS = YES;
				SWIFT_UPCOMING_FEATURE_MEMBER_IMPORT_VISIBILITY = YES;
				SWIFT_VERSION = 5.0;
				TARGETED_DEVICE_FAMILY = "1,2";
			};
			name = Debug;
		};
		F54DF4112EA9ABA200FBDC60 /* Release */ = {
			isa = XCBuildConfiguration;
			buildSettings = {
				ASSETCATALOG_COMPILER_APPICON_NAME = AppIcon;
				ASSETCATALOG_COMPILER_GLOBAL_ACCENT_COLOR_NAME = AccentColor;
				ASSETCATALOG_COMPILER_INCLUDE_ALL_APPICON_ASSETS = YES;
				CODE_SIGN_ENTITLEMENTS = Today/Today.entitlements;
				CODE_SIGN_IDENTITY = "Apple Development";
				CODE_SIGN_STYLE = Automatic;
				CURRENT_PROJECT_VERSION = 15;
				DEVELOPMENT_TEAM = 36ERVRQ23S;
				ENABLE_PREVIEWS = YES;
				GENERATE_INFOPLIST_FILE = YES;
				INFOPLIST_FILE = Today/Info.plist;
				INFOPLIST_KEY_LSApplicationCategoryType = "public.app-category.productivity";
				INFOPLIST_KEY_UIApplicationSceneManifest_Generation = YES;
				INFOPLIST_KEY_UIApplicationSupportsIndirectInputEvents = YES;
				INFOPLIST_KEY_UILaunchScreen_Generation = YES;
				INFOPLIST_KEY_UISupportedInterfaceOrientations_iPad = "UIInterfaceOrientationPortrait UIInterfaceOrientationPortraitUpsideDown UIInterfaceOrientationLandscapeLeft UIInterfaceOrientationLandscapeRight";
				INFOPLIST_KEY_UISupportedInterfaceOrientations_iPhone = "UIInterfaceOrientationPortrait UIInterfaceOrientationLandscapeLeft UIInterfaceOrientationLandscapeRight";
				LD_RUNPATH_SEARCH_PATHS = (
					"$(inherited)",
					"@executable_path/Frameworks",
				);
				MARKETING_VERSION = 1.9.1;
				PRODUCT_BUNDLE_IDENTIFIER = jakespurlock.Today;
				PRODUCT_NAME = "$(TARGET_NAME)";
				PROVISIONING_PROFILE_SPECIFIER = "";
				STRING_CATALOG_GENERATE_SYMBOLS = YES;
				SWIFT_APPROACHABLE_CONCURRENCY = YES;
				SWIFT_DEFAULT_ACTOR_ISOLATION = MainActor;
				SWIFT_EMIT_LOC_STRINGS = YES;
				SWIFT_UPCOMING_FEATURE_MEMBER_IMPORT_VISIBILITY = YES;
				SWIFT_VERSION = 5.0;
				TARGETED_DEVICE_FAMILY = "1,2";
			};
			name = Release;
		};
/* End XCBuildConfiguration section */

/* Begin XCConfigurationList section */
		F52BB6202EAC22F60054AEC5 /* Build configuration list for PBXNativeTarget "TodayTests" */ = {
			isa = XCConfigurationList;
			buildConfigurations = (
				F52BB6212EAC22F60054AEC5 /* Debug */,
				F52BB6222EAC22F60054AEC5 /* Release */,
			);
			defaultConfigurationIsVisible = 0;
			defaultConfigurationName = Release;
		};
		F54DF3FD2EA9AB9F00FBDC60 /* Build configuration list for PBXProject "Today" */ = {
			isa = XCConfigurationList;
			buildConfigurations = (
				F54DF40D2EA9ABA200FBDC60 /* Debug */,
				F54DF40E2EA9ABA200FBDC60 /* Release */,
			);
			defaultConfigurationIsVisible = 0;
			defaultConfigurationName = Release;
		};
		F54DF40F2EA9ABA200FBDC60 /* Build configuration list for PBXNativeTarget "Today" */ = {
			isa = XCConfigurationList;
			buildConfigurations = (
				F54DF4102EA9ABA200FBDC60 /* Debug */,
				F54DF4112EA9ABA200FBDC60 /* Release */,
			);
			defaultConfigurationIsVisible = 0;
			defaultConfigurationName = Release;
		};
/* End XCConfigurationList section */

/* Begin XCRemoteSwiftPackageReference section */
		A00757B14BCD4CD9AE5FBEFB /* XCRemoteSwiftPackageReference "OutcastID3" */ = {
			isa = XCRemoteSwiftPackageReference;
			repositoryURL = "https://github.com/CrunchyBagel/OutcastID3";
			requirement = {
				kind = upToNextMajorVersion;
				minimumVersion = 0.7.0;
			};
		};
/* End XCRemoteSwiftPackageReference section */

/* Begin XCSwiftPackageProductDependency section */
		C8F8F70FAE5B4385B02D848B /* OutcastID3 */ = {
			isa = XCSwiftPackageProductDependency;
			package = A00757B14BCD4CD9AE5FBEFB /* XCRemoteSwiftPackageReference "OutcastID3" */;
			productName = OutcastID3;
		};
/* End XCSwiftPackageProductDependency section */
	};
	rootObject = F54DF3FA2EA9AB9F00FBDC60 /* Project object */;
}
